
Microsoft Visual Studio Solution File, Format Version 12.00
# Visual Studio Version 17
VisualStudioVersion = 17.5.33516.290
MinimumVisualStudioVersion = 10.0.40219.1
Project("{9A19103F-16F7-4668-BE54-9A1E7A4F7556}") = "Blockdiagramm", "Blockdiagramm\Blockdiagramm.csproj", "{47F42ED9-BAFB-4D55-B037-A8F9C5566577}"
EndProject
Project("{9A19103F-16F7-4668-BE54-9A1E7A4F7556}") = "Blockdiagramm.Test", "Blockdiagramm.Test\Blockdiagramm.Test.csproj", "{E15803BB-4E89-47AB-9EA8-43BAE83F3283}"
EndProject
Global
	GlobalSection(SolutionConfigurationPlatforms) = preSolution
		Debug|Any CPU = Debug|Any CPU
		Release|Any CPU = Release|Any CPU
	EndGlobalSection
	GlobalSection(ProjectConfigurationPlatforms) = postSolution
		{47F42ED9-BAFB-4D55-B037-A8F9C5566577}.Debug|Any CPU.ActiveCfg = Debug|Any CPU
		{47F42ED9-BAFB-4D55-B037-A8F9C5566577}.Debug|Any CPU.Build.0 = Debug|Any CPU
		{47F42ED9-BAFB-4D55-B037-A8F9C5566577}.Release|Any CPU.ActiveCfg = Release|Any CPU
		{47F42ED9-BAFB-4D55-B037-A8F9C5566577}.Release|Any CPU.Build.0 = Release|Any CPU
		{E15803BB-4E89-47AB-9EA8-43BAE83F3283}.Debug|Any CPU.ActiveCfg = Debug|Any CPU
		{E15803BB-4E89-47AB-9EA8-43BAE83F3283}.Debug|Any CPU.Build.0 = Debug|Any CPU
		{E15803BB-4E89-47AB-9EA8-43BAE83F3283}.Release|Any CPU.ActiveCfg = Release|Any CPU
		{E15803BB-4E89-47AB-9EA8-43BAE83F3283}.Release|Any CPU.Build.0 = Release|Any CPU
	EndGlobalSection
	GlobalSection(SolutionProperties) = preSolution
		HideSolutionNode = FALSE
	EndGlobalSection
	GlobalSection(ExtensibilityGlobals) = postSolution
		SolutionGuid = {0772249E-AF25-45C1-A3D3-1D428C3A4E88}
	EndGlobalSection
EndGlobal
